
Microsoft Visual Studio Solution File, Format Version 12.00
# Visual Studio Version 16
VisualStudioVersion = 16.0.29102.190
MinimumVisualStudioVersion = 10.0.40219.1
Project("{FAE04EC0-301F-11D3-BF4B-00C04F79EFBC}") = "WS", "WS\WS.csproj", "{01886AC1-E0CB-420E-B36A-AD12C80190A9}"
EndProject
Global
	GlobalSection(SolutionConfigurationPlatforms) = preSolution
		Debug|Any CPU = Debug|Any CPU
		Release|Any CPU = Release|Any CPU
	EndGlobalSection
	GlobalSection(ProjectConfigurationPlatforms) = postSolution
		{01886AC1-E0CB-420E-B36A-AD12C80190A9}.Debug|Any CPU.ActiveCfg = Debug|Any CPU
		{01886AC1-E0CB-420E-B36A-AD12C80190A9}.Debug|Any CPU.Build.0 = Debug|Any CPU
		{01886AC1-E0CB-420E-B36A-AD12C80190A9}.Release|Any CPU.ActiveCfg = Release|Any CPU
		{01886AC1-E0CB-420E-B36A-AD12C80190A9}.Release|Any CPU.Build.0 = Release|Any CPU
	EndGlobalSection
	GlobalSection(SolutionProperties) = preSolution
		HideSolutionNode = FALSE
	EndGlobalSection
	GlobalSection(ExtensibilityGlobals) = postSolution
		SolutionGuid = {1E49FEDC-CBDB-4CF0-93DF-844E509358C9}
	EndGlobalSection
EndGlobal
